
Microsoft Visual Studio Solution File, Format Version 12.00
# Visual Studio Version 17
VisualStudioVersion = 17.9.34728.123
MinimumVisualStudioVersion = 10.0.40219.1
Project("{2150E333-8FDC-42A3-9474-1A3956D46DE8}") = "Core", "Core", "{BEEC389B-97B2-420D-8AC9-A2E6A3D784EC}"
EndProject
Project("{2150E333-8FDC-42A3-9474-1A3956D46DE8}") = "Presentation", "Presentation", "{66273242-36A1-4565-8137-8684E4E5E7B3}"
EndProject
Project("{9A19103F-16F7-4668-BE54-9A1E7A4F7556}") = "Finance.Domain", "..\Finance.Domain\Finance.Domain.csproj", "{80B1273F-2FCC-4D15-AC48-7D79EBD18363}"
EndProject
Project("{9A19103F-16F7-4668-BE54-9A1E7A4F7556}") = "Finance.Application", "..\Finance.Application\Finance.Application.csproj", "{C3B28E6F-BFD5-42C7-A9D1-FD289224615F}"
EndProject
Project("{9A19103F-16F7-4668-BE54-9A1E7A4F7556}") = "Finance.Persistence", "..\Finance.Persistence\Finance.Persistence.csproj", "{016DF75A-99E6-49C0-80FC-3F67CEACBCBE}"
EndProject
Project("{9A19103F-16F7-4668-BE54-9A1E7A4F7556}") = "Finance.API", "..\Finance.API\Finance.API.csproj", "{EB4FD0A0-1B0B-4F33-BD93-F16955CECE5E}"
EndProject
Project("{2150E333-8FDC-42A3-9474-1A3956D46DE8}") = "RabbitMQConsumer", "RabbitMQConsumer", "{21793FFD-D7B8-4729-AB78-B73AE6E2FA74}"
EndProject
Project("{2150E333-8FDC-42A3-9474-1A3956D46DE8}") = "SignalRService", "SignalRService", "{2DC6D4E6-7B8D-4D41-998E-CCC608282CE3}"
EndProject
Project("{9A19103F-16F7-4668-BE54-9A1E7A4F7556}") = "Finance.Base", "Finance.Core\Finance.Base\Finance.Base.csproj", "{BB22038E-2FA8-419F-A7C7-6DAC5114558C}"
EndProject
Project("{9A19103F-16F7-4668-BE54-9A1E7A4F7556}") = "Finance.Web", "Finance.Web\Finance.Web.csproj", "{6B1D8A0B-21D3-439A-AFA7-FD33080DE177}"
EndProject
Global
	GlobalSection(SolutionConfigurationPlatforms) = preSolution
		Debug|Any CPU = Debug|Any CPU
		Release|Any CPU = Release|Any CPU
	EndGlobalSection
	GlobalSection(ProjectConfigurationPlatforms) = postSolution
		{80B1273F-2FCC-4D15-AC48-7D79EBD18363}.Debug|Any CPU.ActiveCfg = Debug|Any CPU
		{80B1273F-2FCC-4D15-AC48-7D79EBD18363}.Debug|Any CPU.Build.0 = Debug|Any CPU
		{80B1273F-2FCC-4D15-AC48-7D79EBD18363}.Release|Any CPU.ActiveCfg = Release|Any CPU
		{80B1273F-2FCC-4D15-AC48-7D79EBD18363}.Release|Any CPU.Build.0 = Release|Any CPU
		{C3B28E6F-BFD5-42C7-A9D1-FD289224615F}.Debug|Any CPU.ActiveCfg = Debug|Any CPU
		{C3B28E6F-BFD5-42C7-A9D1-FD289224615F}.Debug|Any CPU.Build.0 = Debug|Any CPU
		{C3B28E6F-BFD5-42C7-A9D1-FD289224615F}.Release|Any CPU.ActiveCfg = Release|Any CPU
		{C3B28E6F-BFD5-42C7-A9D1-FD289224615F}.Release|Any CPU.Build.0 = Release|Any CPU
		{016DF75A-99E6-49C0-80FC-3F67CEACBCBE}.Debug|Any CPU.ActiveCfg = Debug|Any CPU
		{016DF75A-99E6-49C0-80FC-3F67CEACBCBE}.Debug|Any CPU.Build.0 = Debug|Any CPU
		{016DF75A-99E6-49C0-80FC-3F67CEACBCBE}.Release|Any CPU.ActiveCfg = Release|Any CPU
		{016DF75A-99E6-49C0-80FC-3F67CEACBCBE}.Release|Any CPU.Build.0 = Release|Any CPU
		{EB4FD0A0-1B0B-4F33-BD93-F16955CECE5E}.Debug|Any CPU.ActiveCfg = Debug|Any CPU
		{EB4FD0A0-1B0B-4F33-BD93-F16955CECE5E}.Debug|Any CPU.Build.0 = Debug|Any CPU
		{EB4FD0A0-1B0B-4F33-BD93-F16955CECE5E}.Release|Any CPU.ActiveCfg = Release|Any CPU
		{EB4FD0A0-1B0B-4F33-BD93-F16955CECE5E}.Release|Any CPU.Build.0 = Release|Any CPU
		{BB22038E-2FA8-419F-A7C7-6DAC5114558C}.Debug|Any CPU.ActiveCfg = Debug|Any CPU
		{BB22038E-2FA8-419F-A7C7-6DAC5114558C}.Debug|Any CPU.Build.0 = Debug|Any CPU
		{BB22038E-2FA8-419F-A7C7-6DAC5114558C}.Release|Any CPU.ActiveCfg = Release|Any CPU
		{BB22038E-2FA8-419F-A7C7-6DAC5114558C}.Release|Any CPU.Build.0 = Release|Any CPU
		{6B1D8A0B-21D3-439A-AFA7-FD33080DE177}.Debug|Any CPU.ActiveCfg = Debug|Any CPU
		{6B1D8A0B-21D3-439A-AFA7-FD33080DE177}.Debug|Any CPU.Build.0 = Debug|Any CPU
		{6B1D8A0B-21D3-439A-AFA7-FD33080DE177}.Release|Any CPU.ActiveCfg = Release|Any CPU
		{6B1D8A0B-21D3-439A-AFA7-FD33080DE177}.Release|Any CPU.Build.0 = Release|Any CPU
	EndGlobalSection
	GlobalSection(SolutionProperties) = preSolution
		HideSolutionNode = FALSE
	EndGlobalSection
	GlobalSection(NestedProjects) = preSolution
		{80B1273F-2FCC-4D15-AC48-7D79EBD18363} = {BEEC389B-97B2-420D-8AC9-A2E6A3D784EC}
		{C3B28E6F-BFD5-42C7-A9D1-FD289224615F} = {BEEC389B-97B2-420D-8AC9-A2E6A3D784EC}
		{016DF75A-99E6-49C0-80FC-3F67CEACBCBE} = {BEEC389B-97B2-420D-8AC9-A2E6A3D784EC}
		{EB4FD0A0-1B0B-4F33-BD93-F16955CECE5E} = {66273242-36A1-4565-8137-8684E4E5E7B3}
		{BB22038E-2FA8-419F-A7C7-6DAC5114558C} = {BEEC389B-97B2-420D-8AC9-A2E6A3D784EC}
		{6B1D8A0B-21D3-439A-AFA7-FD33080DE177} = {66273242-36A1-4565-8137-8684E4E5E7B3}
	EndGlobalSection
	GlobalSection(ExtensibilityGlobals) = postSolution
		SolutionGuid = {B8AD6D70-4CEA-49A9-9915-31E4609D49BA}
	EndGlobalSection
EndGlobal
